// !$*UTF8*$!
{
	archiveVersion = 1;
	classes = {
	};
	objectVersion = 46;
	objects = {

/* Begin PBXBuildFile section */
		B15D94691DC041B200DA93F4 /* main.m in Sources */ = {isa = PBXBuildFile; fileRef = B15D94681DC041B200DA93F4 /* main.m */; };
		B15D946C1DC041B200DA93F4 /* AppDelegate.m in Sources */ = {isa = PBXBuildFile; fileRef = B15D946B1DC041B200DA93F4 /* AppDelegate.m */; };
		B15D946F1DC041B200DA93F4 /* ViewController.m in Sources */ = {isa = PBXBuildFile; fileRef = B15D946E1DC041B200DA93F4 /* ViewController.m */; };
		B15D94721DC041B200DA93F4 /* Main.storyboard in Resources */ = {isa = PBXBuildFile; fileRef = B15D94701DC041B200DA93F4 /* Main.storyboard */; };
		B15D94741DC041B200DA93F4 /* Assets.xcassets in Resources */ = {isa = PBXBuildFile; fileRef = B15D94731DC041B200DA93F4 /* Assets.xcassets */; };
		B15D94771DC041B200DA93F4 /* LaunchScreen.storyboard in Resources */ = {isa = PBXBuildFile; fileRef = B15D94751DC041B200DA93F4 /* LaunchScreen.storyboard */; };
		B15D94821DC041B200DA93F4 /* UIButtonEdgeTests.m in Sources */ = {isa = PBXBuildFile; fileRef = B15D94811DC041B200DA93F4 /* UIButtonEdgeTests.m */; };
		B15D948D1DC041B200DA93F4 /* UIButtonEdgeUITests.m in Sources */ = {isa = PBXBuildFile; fileRef = B15D948C1DC041B200DA93F4 /* UIButtonEdgeUITests.m */; };
/* End PBXBuildFile section */

/* Begin PBXContainerItemProxy section */
		B15D947E1DC041B200DA93F4 /* PBXContainerItemProxy */ = {
			isa = PBXContainerItemProxy;
			containerPortal = B15D945C1DC041B200DA93F4 /* Project object */;
			proxyType = 1;
			remoteGlobalIDString = B15D94631DC041B200DA93F4;
			remoteInfo = UIButtonEdge;
		};
		B15D94891DC041B200DA93F4 /* PBXContainerItemProxy */ = {
			isa = PBXContainerItemProxy;
			containerPortal = B15D945C1DC041B200DA93F4 /* Project object */;
			proxyType = 1;
			remoteGlobalIDString = B15D94631DC041B200DA93F4;
			remoteInfo = UIButtonEdge;
		};
/* End PBXContainerItemProxy section */

/* Begin PBXFileReference section */
		B15D94641DC041B200DA93F4 /* UIButtonEdge.app */ = {isa = PBXFileReference; explicitFileType = wrapper.application; includeInIndex = 0; path = UIButtonEdge.app; sourceTree = BUILT_PRODUCTS_DIR; };
		B15D94681DC041B200DA93F4 /* main.m */ = {isa = PBXFileReference; lastKnownFileType = sourcecode.c.objc; path = main.m; sourceTree = "<group>"; };
		B15D946A1DC041B200DA93F4 /* AppDelegate.h */ = {isa = PBXFileReference; lastKnownFileType = sourcecode.c.h; path = AppDelegate.h; sourceTree = "<group>"; };
		B15D946B1DC041B200DA93F4 /* AppDelegate.m */ = {isa = PBXFileReference; lastKnownFileType = sourcecode.c.objc; path = AppDelegate.m; sourceTree = "<group>"; };
		B15D946D1DC041B200DA93F4 /* ViewController.h */ = {isa = PBXFileReference; lastKnownFileType = sourcecode.c.h; path = ViewController.h; sourceTree = "<group>"; };
		B15D946E1DC041B200DA93F4 /* ViewController.m */ = {isa = PBXFileReference; lastKnownFileType = sourcecode.c.objc; path = ViewController.m; sourceTree = "<group>"; };
		B15D94711DC041B200DA93F4 /* Base */ = {isa = PBXFileReference; lastKnownFileType = file.storyboard; name = Base; path = Base.lproj/Main.storyboard; sourceTree = "<group>"; };
		B15D94731DC041B200DA93F4 /* Assets.xcassets */ = {isa = PBXFileReference; lastKnownFileType = folder.assetcatalog; path = Assets.xcassets; sourceTree = "<group>"; };
		B15D94761DC041B200DA93F4 /* Base */ = {isa = PBXFileReference; lastKnownFileType = file.storyboard; name = Base; path = Base.lproj/LaunchScreen.storyboard; sourceTree = "<group>"; };
		B15D94781DC041B200DA93F4 /* Info.plist */ = {isa = PBXFileReference; lastKnownFileType = text.plist.xml; path = Info.plist; sourceTree = "<group>"; };
		B15D947D1DC041B200DA93F4 /* UIButtonEdgeTests.xctest */ = {isa = PBXFileReference; explicitFileType = wrapper.cfbundle; includeInIndex = 0; path = UIButtonEdgeTests.xctest; sourceTree = BUILT_PRODUCTS_DIR; };
		B15D94811DC041B200DA93F4 /* UIButtonEdgeTests.m */ = {isa = PBXFileReference; lastKnownFileType = sourcecode.c.objc; path = UIButtonEdgeTests.m; sourceTree = "<group>"; };
		B15D94831DC041B200DA93F4 /* Info.plist */ = {isa = PBXFileReference; lastKnownFileType = text.plist.xml; path = Info.plist; sourceTree = "<group>"; };
		B15D94881DC041B200DA93F4 /* UIButtonEdgeUITests.xctest */ = {isa = PBXFileReference; explicitFileType = wrapper.cfbundle; includeInIndex = 0; path = UIButtonEdgeUITests.xctest; sourceTree = BUILT_PRODUCTS_DIR; };
		B15D948C1DC041B200DA93F4 /* UIButtonEdgeUITests.m */ = {isa = PBXFileReference; lastKnownFileType = sourcecode.c.objc; path = UIButtonEdgeUITests.m; sourceTree = "<group>"; };
		B15D948E1DC041B200DA93F4 /* Info.plist */ = {isa = PBXFileReference; lastKnownFileType = text.plist.xml; path = Info.plist; sourceTree = "<group>"; };
/* End PBXFileReference section */

/* Begin PBXFrameworksBuildPhase section */
		B15D94611DC041B200DA93F4 /* Frameworks */ = {
			isa = PBXFrameworksBuildPhase;
			buildActionMask = 2147483647;
			files = (
			);
			runOnlyForDeploymentPostprocessing = 0;
		};
		B15D947A1DC041B200DA93F4 /* Frameworks */ = {
			isa = PBXFrameworksBuildPhase;
			buildActionMask = 2147483647;
			files = (
			);
			runOnlyForDeploymentPostprocessing = 0;
		};
		B15D94851DC041B200DA93F4 /* Frameworks */ = {
			isa = PBXFrameworksBuildPhase;
			buildActionMask = 2147483647;
			files = (
			);
			runOnlyForDeploymentPostprocessing = 0;
		};
/* End PBXFrameworksBuildPhase section */

/* Begin PBXGroup section */
		B15D945B1DC041B200DA93F4 = {
			isa = PBXGroup;
			children = (
				B15D94661DC041B200DA93F4 /* UIButtonEdge */,
				B15D94801DC041B200DA93F4 /* UIButtonEdgeTests */,
				B15D948B1DC041B200DA93F4 /* UIButtonEdgeUITests */,
				B15D94651DC041B200DA93F4 /* Products */,
			);
			sourceTree = "<group>";
		};
		B15D94651DC041B200DA93F4 /* Products */ = {
			isa = PBXGroup;
			children = (
				B15D94641DC041B200DA93F4 /* UIButtonEdge.app */,
				B15D947D1DC041B200DA93F4 /* UIButtonEdgeTests.xctest */,
				B15D94881DC041B200DA93F4 /* UIButtonEdgeUITests.xctest */,
			);
			name = Products;
			sourceTree = "<group>";
		};
		B15D94661DC041B200DA93F4 /* UIButtonEdge */ = {
			isa = PBXGroup;
			children = (
				B15D946A1DC041B200DA93F4 /* AppDelegate.h */,
				B15D946B1DC041B200DA93F4 /* AppDelegate.m */,
				B15D946D1DC041B200DA93F4 /* ViewController.h */,
				B15D946E1DC041B200DA93F4 /* ViewController.m */,
				B15D94701DC041B200DA93F4 /* Main.storyboard */,
				B15D94731DC041B200DA93F4 /* Assets.xcassets */,
				B15D94751DC041B200DA93F4 /* LaunchScreen.storyboard */,
				B15D94781DC041B200DA93F4 /* Info.plist */,
				B15D94671DC041B200DA93F4 /* Supporting Files */,
			);
			path = UIButtonEdge;
			sourceTree = "<group>";
		};
		B15D94671DC041B200DA93F4 /* Supporting Files */ = {
			isa = PBXGroup;
			children = (
				B15D94681DC041B200DA93F4 /* main.m */,
			);
			name = "Supporting Files";
			sourceTree = "<group>";
		};
		B15D94801DC041B200DA93F4 /* UIButtonEdgeTests */ = {
			isa = PBXGroup;
			children = (
				B15D94811DC041B200DA93F4 /* UIButtonEdgeTests.m */,
				B15D94831DC041B200DA93F4 /* Info.plist */,
			);
			path = UIButtonEdgeTests;
			sourceTree = "<group>";
		};
		B15D948B1DC041B200DA93F4 /* UIButtonEdgeUITests */ = {
			isa = PBXGroup;
			children = (
				B15D948C1DC041B200DA93F4 /* UIButtonEdgeUITests.m */,
				B15D948E1DC041B200DA93F4 /* Info.plist */,
			);
			path = UIButtonEdgeUITests;
			sourceTree = "<group>";
		};
/* End PBXGroup section */

/* Begin PBXNativeTarget section */
		B15D94631DC041B200DA93F4 /* UIButtonEdge */ = {
			isa = PBXNativeTarget;
			buildConfigurationList = B15D94911DC041B200DA93F4 /* Build configuration list for PBXNativeTarget "UIButtonEdge" */;
			buildPhases = (
				B15D94601DC041B200DA93F4 /* Sources */,
				B15D94611DC041B200DA93F4 /* Frameworks */,
				B15D94621DC041B200DA93F4 /* Resources */,
			);
			buildRules = (
			);
			dependencies = (
			);
			name = UIButtonEdge;
			productName = UIButtonEdge;
			productReference = B15D94641DC041B200DA93F4 /* UIButtonEdge.app */;
			productType = "com.apple.product-type.application";
		};
		B15D947C1DC041B200DA93F4 /* UIButtonEdgeTests */ = {
			isa = PBXNativeTarget;
			buildConfigurationList = B15D94941DC041B200DA93F4 /* Build configuration list for PBXNativeTarget "UIButtonEdgeTests" */;
			buildPhases = (
				B15D94791DC041B200DA93F4 /* Sources */,
				B15D947A1DC041B200DA93F4 /* Frameworks */,
				B15D947B1DC041B200DA93F4 /* Resources */,
			);
			buildRules = (
			);
			dependencies = (
				B15D947F1DC041B200DA93F4 /* PBXTargetDependency */,
			);
			name = UIButtonEdgeTests;
			productName = UIButtonEdgeTests;
			productReference = B15D947D1DC041B200DA93F4 /* UIButtonEdgeTests.xctest */;
			productType = "com.apple.product-type.bundle.unit-test";
		};
		B15D94871DC041B200DA93F4 /* UIButtonEdgeUITests */ = {
			isa = PBXNativeTarget;
			buildConfigurationList = B15D94971DC041B200DA93F4 /* Build configuration list for PBXNativeTarget "UIButtonEdgeUITests" */;
			buildPhases = (
				B15D94841DC041B200DA93F4 /* Sources */,
				B15D94851DC041B200DA93F4 /* Frameworks */,
				B15D94861DC041B200DA93F4 /* Resources */,
			);
			buildRules = (
			);
			dependencies = (
				B15D948A1DC041B200DA93F4 /* PBXTargetDependency */,
			);
			name = UIButtonEdgeUITests;
			productName = UIButtonEdgeUITests;
			productReference = B15D94881DC041B200DA93F4 /* UIButtonEdgeUITests.xctest */;
			productType = "com.apple.product-type.bundle.ui-testing";
		};
/* End PBXNativeTarget section */

/* Begin PBXProject section */
		B15D945C1DC041B200DA93F4 /* Project object */ = {
			isa = PBXProject;
			attributes = {
				LastUpgradeCheck = 0800;
				ORGANIZATIONNAME = MKJING;
				TargetAttributes = {
					B15D94631DC041B200DA93F4 = {
						CreatedOnToolsVersion = 8.0;
						ProvisioningStyle = Automatic;
					};
					B15D947C1DC041B200DA93F4 = {
						CreatedOnToolsVersion = 8.0;
						ProvisioningStyle = Automatic;
						TestTargetID = B15D94631DC041B200DA93F4;
					};
					B15D94871DC041B200DA93F4 = {
						CreatedOnToolsVersion = 8.0;
						ProvisioningStyle = Automatic;
						TestTargetID = B15D94631DC041B200DA93F4;
					};
				};
			};
			buildConfigurationList = B15D945F1DC041B200DA93F4 /* Build configuration list for PBXProject "UIButtonEdge" */;
			compatibilityVersion = "Xcode 3.2";
			developmentRegion = English;
			hasScannedForEncodings = 0;
			knownRegions = (
				en,
				Base,
			);
			mainGroup = B15D945B1DC041B200DA93F4;
			productRefGroup = B15D94651DC041B200DA93F4 /* Products */;
			projectDirPath = "";
			projectRoot = "";
			targets = (
				B15D94631DC041B200DA93F4 /* UIButtonEdge */,
				B15D947C1DC041B200DA93F4 /* UIButtonEdgeTests */,
				B15D94871DC041B200DA93F4 /* UIButtonEdgeUITests */,
			);
		};
/* End PBXProject section */

/* Begin PBXResourcesBuildPhase section */
		B15D94621DC041B200DA93F4 /* Resources */ = {
			isa = PBXResourcesBuildPhase;
			buildActionMask = 2147483647;
			files = (
				B15D94771DC041B200DA93F4 /* LaunchScreen.storyboard in Resources */,
				B15D94741DC041B200DA93F4 /* Assets.xcassets in Resources */,
				B15D94721DC041B200DA93F4 /* Main.storyboard in Resources */,
			);
			runOnlyForDeploymentPostprocessing = 0;
		};
		B15D947B1DC041B200DA93F4 /* Resources */ = {
			isa = PBXResourcesBuildPhase;
			buildActionMask = 2147483647;
			files = (
			);
			runOnlyForDeploymentPostprocessing = 0;
		};
		B15D94861DC041B200DA93F4 /* Resources */ = {
			isa = PBXResourcesBuildPhase;
			buildActionMask = 2147483647;
			files = (
			);
			runOnlyForDeploymentPostprocessing = 0;
		};
/* End PBXResourcesBuildPhase section */

/* Begin PBXSourcesBuildPhase section */
		B15D94601DC041B200DA93F4 /* Sources */ = {
			isa = PBXSourcesBuildPhase;
			buildActionMask = 2147483647;
			files = (
				B15D946F1DC041B200DA93F4 /* ViewController.m in Sources */,
				B15D946C1DC041B200DA93F4 /* AppDelegate.m in Sources */,
				B15D94691DC041B200DA93F4 /* main.m in Sources */,
			);
			runOnlyForDeploymentPostprocessing = 0;
		};
		B15D94791DC041B200DA93F4 /* Sources */ = {
			isa = PBXSourcesBuildPhase;
			buildActionMask = 2147483647;
			files = (
				B15D94821DC041B200DA93F4 /* UIButtonEdgeTests.m in Sources */,
			);
			runOnlyForDeploymentPostprocessing = 0;
		};
		B15D94841DC041B200DA93F4 /* Sources */ = {
			isa = PBXSourcesBuildPhase;
			buildActionMask = 2147483647;
			files = (
				B15D948D1DC041B200DA93F4 /* UIButtonEdgeUITests.m in Sources */,
			);
			runOnlyForDeploymentPostprocessing = 0;
		};
/* End PBXSourcesBuildPhase section */

/* Begin PBXTargetDependency section */
		B15D947F1DC041B200DA93F4 /* PBXTargetDependency */ = {
			isa = PBXTargetDependency;
			target = B15D94631DC041B200DA93F4 /* UIButtonEdge */;
			targetProxy = B15D947E1DC041B200DA93F4 /* PBXContainerItemProxy */;
		};
		B15D948A1DC041B200DA93F4 /* PBXTargetDependency */ = {
			isa = PBXTargetDependency;
			target = B15D94631DC041B200DA93F4 /* UIButtonEdge */;
			targetProxy = B15D94891DC041B200DA93F4 /* PBXContainerItemProxy */;
		};
/* End PBXTargetDependency section */

/* Begin PBXVariantGroup section */
		B15D94701DC041B200DA93F4 /* Main.storyboard */ = {
			isa = PBXVariantGroup;
			children = (
				B15D94711DC041B200DA93F4 /* Base */,
			);
			name = Main.storyboard;
			sourceTree = "<group>";
		};
		B15D94751DC041B200DA93F4 /* LaunchScreen.storyboard */ = {
			isa = PBXVariantGroup;
			children = (
				B15D94761DC041B200DA93F4 /* Base */,
			);
			name = LaunchScreen.storyboard;
			sourceTree = "<group>";
		};
/* End PBXVariantGroup section */

/* Begin XCBuildConfiguration section */
		B15D948F1DC041B200DA93F4 /* Debug */ = {
			isa = XCBuildConfiguration;
			buildSettings = {
				ALWAYS_SEARCH_USER_PATHS = NO;
				CLANG_ANALYZER_NONNULL = YES;
				CLANG_CXX_LANGUAGE_STANDARD = "gnu++0x";
				CLANG_CXX_LIBRARY = "libc++";
				CLANG_ENABLE_MODULES = YES;
				CLANG_ENABLE_OBJC_ARC = YES;
				CLANG_WARN_BOOL_CONVERSION = YES;
				CLANG_WARN_CONSTANT_CONVERSION = YES;
				CLANG_WARN_DIRECT_OBJC_ISA_USAGE = YES_ERROR;
				CLANG_WARN_DOCUMENTATION_COMMENTS = YES;
				CLANG_WARN_EMPTY_BODY = YES;
				CLANG_WARN_ENUM_CONVERSION = YES;
				CLANG_WARN_INFINITE_RECURSION = YES;
				CLANG_WARN_INT_CONVERSION = YES;
				CLANG_WARN_OBJC_ROOT_CLASS = YES_ERROR;
				CLANG_WARN_SUSPICIOUS_MOVES = YES;
				CLANG_WARN_UNREACHABLE_CODE = YES;
				CLANG_WARN__DUPLICATE_METHOD_MATCH = YES;
				"CODE_SIGN_IDENTITY[sdk=iphoneos*]" = "iPhone Developer";
				COPY_PHASE_STRIP = NO;
				DEBUG_INFORMATION_FORMAT = dwarf;
				ENABLE_STRICT_OBJC_MSGSEND = YES;
				ENABLE_TESTABILITY = YES;
				GCC_C_LANGUAGE_STANDARD = gnu99;
				GCC_DYNAMIC_NO_PIC = NO;
				GCC_NO_COMMON_BLOCKS = YES;
				GCC_OPTIMIZATION_LEVEL = 0;
				GCC_PREPROCESSOR_DEFINITIONS = (
					"DEBUG=1",
					"$(inherited)",
				);
				GCC_WARN_64_TO_32_BIT_CONVERSION = YES;
				GCC_WARN_ABOUT_RETURN_TYPE = YES_ERROR;
				GCC_WARN_UNDECLARED_SELECTOR = YES;
				GCC_WARN_UNINITIALIZED_AUTOS = YES_AGGRESSIVE;
				GCC_WARN_UNUSED_FUNCTION = YES;
				GCC_WARN_UNUSED_VARIABLE = YES;
				IPHONEOS_DEPLOYMENT_TARGET = 10.0;
				MTL_ENABLE_DEBUG_INFO = YES;
				ONLY_ACTIVE_ARCH = YES;
				SDKROOT = iphoneos;
				TARGETED_DEVICE_FAMILY = "1,2";
			};
			name = Debug;
		};
		B15D94901DC041B200DA93F4 /* Release */ = {
			isa = XCBuildConfiguration;
			buildSettings = {
				ALWAYS_SEARCH_USER_PATHS = NO;
				CLANG_ANALYZER_NONNULL = YES;
				CLANG_CXX_LANGUAGE_STANDARD = "gnu++0x";
				CLANG_CXX_LIBRARY = "libc++";
				CLANG_ENABLE_MODULES = YES;
				CLANG_ENABLE_OBJC_ARC = YES;
				CLANG_WARN_BOOL_CONVERSION = YES;
				CLANG_WARN_CONSTANT_CONVERSION = YES;
				CLANG_WARN_DIRECT_OBJC_ISA_USAGE = YES_ERROR;
				CLANG_WARN_DOCUMENTATION_COMMENTS = YES;
				CLANG_WARN_EMPTY_BODY = YES;
				CLANG_WARN_ENUM_CONVERSION = YES;
				CLANG_WARN_INFINITE_RECURSION = YES;
				CLANG_WARN_INT_CONVERSION = YES;
				CLANG_WARN_OBJC_ROOT_CLASS = YES_ERROR;
				CLANG_WARN_SUSPICIOUS_MOVES = YES;
				CLANG_WARN_UNREACHABLE_CODE = YES;
				CLANG_WARN__DUPLICATE_METHOD_MATCH = YES;
				"CODE_SIGN_IDENTITY[sdk=iphoneos*]" = "iPhone Developer";
				COPY_PHASE_STRIP = NO;
				DEBUG_INFORMATION_FORMAT = "dwarf-with-dsym";
				ENABLE_NS_ASSERTIONS = NO;
				ENABLE_STRICT_OBJC_MSGSEND = YES;
				GCC_C_LANGUAGE_STANDARD = gnu99;
				GCC_NO_COMMON_BLOCKS = YES;
				GCC_WARN_64_TO_32_BIT_CONVERSION = YES;
				GCC_WARN_ABOUT_RETURN_TYPE = YES_ERROR;
				GCC_WARN_UNDECLARED_SELECTOR = YES;
				GCC_WARN_UNINITIALIZED_AUTOS = YES_AGGRESSIVE;
				GCC_WARN_UNUSED_FUNCTION = YES;
				GCC_WARN_UNUSED_VARIABLE = YES;
				IPHONEOS_DEPLOYMENT_TARGET = 10.0;
				MTL_ENABLE_DEBUG_INFO = NO;
				SDKROOT = iphoneos;
				TARGETED_DEVICE_FAMILY = "1,2";
				VALIDATE_PRODUCT = YES;
			};
			name = Release;
		};
		B15D94921DC041B200DA93F4 /* Debug */ = {
			isa = XCBuildConfiguration;
			buildSettings = {
				ASSETCATALOG_COMPILER_APPICON_NAME = AppIcon;
				INFOPLIST_FILE = UIButtonEdge/Info.plist;
				LD_RUNPATH_SEARCH_PATHS = "$(inherited) @executable_path/Frameworks";
				PRODUCT_BUNDLE_IDENTIFIER = mikejing.UIButtonEdge;
				PRODUCT_NAME = "$(TARGET_NAME)";
			};
			name = Debug;
		};
		B15D94931DC041B200DA93F4 /* Release */ = {
			isa = XCBuildConfiguration;
			buildSettings = {
				ASSETCATALOG_COMPILER_APPICON_NAME = AppIcon;
				INFOPLIST_FILE = UIButtonEdge/Info.plist;
				LD_RUNPATH_SEARCH_PATHS = "$(inherited) @executable_path/Frameworks";
				PRODUCT_BUNDLE_IDENTIFIER = mikejing.UIButtonEdge;
				PRODUCT_NAME = "$(TARGET_NAME)";
			};
			name = Release;
		};
		B15D94951DC041B200DA93F4 /* Debug */ = {
			isa = XCBuildConfiguration;
			buildSettings = {
				BUNDLE_LOADER = "$(TEST_HOST)";
				INFOPLIST_FILE = UIButtonEdgeTests/Info.plist;
				LD_RUNPATH_SEARCH_PATHS = "$(inherited) @executable_path/Frameworks @loader_path/Frameworks";
				PRODUCT_BUNDLE_IDENTIFIER = mikejing.UIButtonEdgeTests;
				PRODUCT_NAME = "$(TARGET_NAME)";
				TEST_HOST = "$(BUILT_PRODUCTS_DIR)/UIButtonEdge.app/UIButtonEdge";
			};
			name = Debug;
		};
		B15D94961DC041B200DA93F4 /* Release */ = {
			isa = XCBuildConfiguration;
			buildSettings = {
				BUNDLE_LOADER = "$(TEST_HOST)";
				INFOPLIST_FILE = UIButtonEdgeTests/Info.plist;
				LD_RUNPATH_SEARCH_PATHS = "$(inherited) @executable_path/Frameworks @loader_path/Frameworks";
				PRODUCT_BUNDLE_IDENTIFIER = mikejing.UIButtonEdgeTests;
				PRODUCT_NAME = "$(TARGET_NAME)";
				TEST_HOST = "$(BUILT_PRODUCTS_DIR)/UIButtonEdge.app/UIButtonEdge";
			};
			name = Release;
		};
		B15D94981DC041B200DA93F4 /* Debug */ = {
			isa = XCBuildConfiguration;
			buildSettings = {
				INFOPLIST_FILE = UIButtonEdgeUITests/Info.plist;
				LD_RUNPATH_SEARCH_PATHS = "$(inherited) @executable_path/Frameworks @loader_path/Frameworks";
				PRODUCT_BUNDLE_IDENTIFIER = mikejing.UIButtonEdgeUITests;
				PRODUCT_NAME = "$(TARGET_NAME)";
				TEST_TARGET_NAME = UIButtonEdge;
			};
			name = Debug;
		};
		B15D94991DC041B200DA93F4 /* Release */ = {
			isa = XCBuildConfiguration;
			buildSettings = {
				INFOPLIST_FILE = UIButtonEdgeUITests/Info.plist;
				LD_RUNPATH_SEARCH_PATHS = "$(inherited) @executable_path/Frameworks @loader_path/Frameworks";
				PRODUCT_BUNDLE_IDENTIFIER = mikejing.UIButtonEdgeUITests;
				PRODUCT_NAME = "$(TARGET_NAME)";
				TEST_TARGET_NAME = UIButtonEdge;
			};
			name = Release;
		};
/* End XCBuildConfiguration section */

/* Begin XCConfigurationList section */
		B15D945F1DC041B200DA93F4 /* Build configuration list for PBXProject "UIButtonEdge" */ = {
			isa = XCConfigurationList;
			buildConfigurations = (
				B15D948F1DC041B200DA93F4 /* Debug */,
				B15D94901DC041B200DA93F4 /* Release */,
			);
			defaultConfigurationIsVisible = 0;
			defaultConfigurationName = Release;
		};
		B15D94911DC041B200DA93F4 /* Build configuration list for PBXNativeTarget "UIButtonEdge" */ = {
			isa = XCConfigurationList;
			buildConfigurations = (
				B15D94921DC041B200DA93F4 /* Debug */,
				B15D94931DC041B200DA93F4 /* Release */,
			);
			defaultConfigurationIsVisible = 0;
			defaultConfigurationName = Release;
		};
		B15D94941DC041B200DA93F4 /* Build configuration list for PBXNativeTarget "UIButtonEdgeTests" */ = {
			isa = XCConfigurationList;
			buildConfigurations = (
				B15D94951DC041B200DA93F4 /* Debug */,
				B15D94961DC041B200DA93F4 /* Release */,
			);
			defaultConfigurationIsVisible = 0;
			defaultConfigurationName = Release;
		};
		B15D94971DC041B200DA93F4 /* Build configuration list for PBXNativeTarget "UIButtonEdgeUITests" */ = {
			isa = XCConfigurationList;
			buildConfigurations = (
				B15D94981DC041B200DA93F4 /* Debug */,
				B15D94991DC041B200DA93F4 /* Release */,
			);
			defaultConfigurationIsVisible = 0;
			defaultConfigurationName = Release;
		};
/* End XCConfigurationList section */
	};
	rootObject = B15D945C1DC041B200DA93F4 /* Project object */;
}
